
Microsoft Visual Studio Solution File, Format Version 12.00
# Visual Studio Version 17
VisualStudioVersion = 17.11.35312.102
MinimumVisualStudioVersion = 10.0.40219.1
Project("{FAE04EC0-301F-11D3-BF4B-00C04F79EFBC}") = "Project", "Project\Project.csproj", "{80B9431B-2D7A-48F6-8993-291986CBDCC4}"
EndProject
Global
	GlobalSection(SolutionConfigurationPlatforms) = preSolution
		Debug|Any CPU = Debug|Any CPU
		Release|Any CPU = Release|Any CPU
	EndGlobalSection
	GlobalSection(ProjectConfigurationPlatforms) = postSolution
		{80B9431B-2D7A-48F6-8993-291986CBDCC4}.Debug|Any CPU.ActiveCfg = Debug|Any CPU
		{80B9431B-2D7A-48F6-8993-291986CBDCC4}.Debug|Any CPU.Build.0 = Debug|Any CPU
		{80B9431B-2D7A-48F6-8993-291986CBDCC4}.Release|Any CPU.ActiveCfg = Release|Any CPU
		{80B9431B-2D7A-48F6-8993-291986CBDCC4}.Release|Any CPU.Build.0 = Release|Any CPU
	EndGlobalSection
	GlobalSection(SolutionProperties) = preSolution
		HideSolutionNode = FALSE
	EndGlobalSection
	GlobalSection(ExtensibilityGlobals) = postSolution
		SolutionGuid = {D270B089-B68A-418F-9153-7973F360206A}
	EndGlobalSection
EndGlobal
